<?xml version="1.0" encoding="utf-8"?>
<Project ToolsVersion="4.0" xmlns="http://schemas.microsoft.com/developer/msbuild/2003">
  <ItemGroup>
    <ClCompile Include="src\main.cpp">
      <Filter>src</Filter>
    </ClCompile>
    <ClCompile Include="src\iEquip_SoulSeeker.cpp">
      <Filter>src</Filter>
    </ClCompile>
    <ClCompile Include="src\iEquip_ActorExt.cpp">
      <Filter>src</Filter>
    </ClCompile>
    <ClCompile Include="src\iEquip_ActorExtLib.cpp">
      <Filter>src</Filter>
    </ClCompile>
    <ClCompile Include="src\iEquip_SoulSeekerLib.cpp">
      <Filter>src</Filter>
    </ClCompile>
    <ClCompile Include="src\iEquip_Utility.cpp">
      <Filter>src</Filter>
    </ClCompile>
    <ClCompile Include="src\RE_EnchantmentItem.cpp">
      <Filter>src</Filter>
    </ClCompile>
  </ItemGroup>
  <ItemGroup>
    <None Include="exports.def" />
  </ItemGroup>
  <ItemGroup>
    <Filter Include="src">
      <UniqueIdentifier>{57c9eac9-3a96-4dbf-8d19-cdddafb51688}</UniqueIdentifier>
    </Filter>
    <Filter Include="include">
      <UniqueIdentifier>{aee06ac9-1bc5-42ef-858c-7657bb1ee832}</UniqueIdentifier>
    </Filter>
  </ItemGroup>
  <ItemGroup>
    <ClInclude Include="include\iEquip_SoulSeeker.h">
      <Filter>include</Filter>
    </ClInclude>
    <ClInclude Include="include\iEquip_ActorExt.h">
      <Filter>include</Filter>
    </ClInclude>
    <ClInclude Include="include\iEquip_ActorExtLib.h">
      <Filter>include</Filter>
    </ClInclude>
    <ClInclude Include="include\iEquip_SoulSeekerLib.h">
      <Filter>include</Filter>
    </ClInclude>
    <ClInclude Include="include\iEquip_Utility.h">
      <Filter>include</Filter>
    </ClInclude>
    <ClInclude Include="include\RE_BaseExtraData.h">
      <Filter>include</Filter>
    </ClInclude>
    <ClInclude Include="include\RE_EnchantmentItem.h">
      <Filter>include</Filter>
    </ClInclude>
  </ItemGroup>
</Project>